
Microsoft Visual Studio Solution File, Format Version 12.00
# Visual Studio Version 17
VisualStudioVersion = 17.14.36221.1 d17.14
MinimumVisualStudioVersion = 10.0.40219.1
Project("{FAE04EC0-301F-11D3-BF4B-00C04F79EFBC}") = "MoodPlusAPI", "MoodPlusAPI.csproj", "{77587373-F873-430C-9C2D-7561538CFBEC}"
EndProject
Global
	GlobalSection(SolutionConfigurationPlatforms) = preSolution
		Debug|Any CPU = Debug|Any CPU
		Release|Any CPU = Release|Any CPU
	EndGlobalSection
	GlobalSection(ProjectConfigurationPlatforms) = postSolution
		{77587373-F873-430C-9C2D-7561538CFBEC}.Debug|Any CPU.ActiveCfg = Debug|Any CPU
		{77587373-F873-430C-9C2D-7561538CFBEC}.Debug|Any CPU.Build.0 = Debug|Any CPU
		{77587373-F873-430C-9C2D-7561538CFBEC}.Release|Any CPU.ActiveCfg = Release|Any CPU
		{77587373-F873-430C-9C2D-7561538CFBEC}.Release|Any CPU.Build.0 = Release|Any CPU
	EndGlobalSection
	GlobalSection(SolutionProperties) = preSolution
		HideSolutionNode = FALSE
	EndGlobalSection
	GlobalSection(ExtensibilityGlobals) = postSolution
		SolutionGuid = {27BBFE74-A02B-4E21-9583-C6295835FB01}
	EndGlobalSection
EndGlobal
